
Microsoft Visual Studio Solution File, Format Version 12.00
# Visual Studio Version 17
VisualStudioVersion = 17.8.34408.163
MinimumVisualStudioVersion = 10.0.40219.1
Project("{FAE04EC0-301F-11D3-BF4B-00C04F79EFBC}") = "p4g64.configFramework", "p4g64.configFramework\p4g64.configFramework.csproj", "{86805B18-92D4-47CC-96E8-9ED28692851D}"
EndProject
Global
	GlobalSection(SolutionConfigurationPlatforms) = preSolution
		Debug|Any CPU = Debug|Any CPU
		Release|Any CPU = Release|Any CPU
	EndGlobalSection
	GlobalSection(ProjectConfigurationPlatforms) = postSolution
		{86805B18-92D4-47CC-96E8-9ED28692851D}.Debug|Any CPU.ActiveCfg = Debug|Any CPU
		{86805B18-92D4-47CC-96E8-9ED28692851D}.Debug|Any CPU.Build.0 = Debug|Any CPU
		{86805B18-92D4-47CC-96E8-9ED28692851D}.Release|Any CPU.ActiveCfg = Release|Any CPU
		{86805B18-92D4-47CC-96E8-9ED28692851D}.Release|Any CPU.Build.0 = Release|Any CPU
	EndGlobalSection
	GlobalSection(SolutionProperties) = preSolution
		HideSolutionNode = FALSE
	EndGlobalSection
	GlobalSection(ExtensibilityGlobals) = postSolution
		SolutionGuid = {237C35AE-6085-4D43-AC2F-D3BC75EE98C8}
	EndGlobalSection
EndGlobal
